
Microsoft Visual Studio Solution File, Format Version 12.00
# Visual Studio 15
Project("{FAE04EC0-301F-11D3-BF4B-00C04F79EFBC}") = "day3_factorial", "day3_factorial\day3_factorial.csproj", "{C10CC162-DA28-46D1-8F7D-293FCAD1B5AD}"
EndProject
Global
	GlobalSection(SolutionConfigurationPlatforms) = preSolution
		Debug|x86 = Debug|x86
		Release|x86 = Release|x86
	EndGlobalSection
	GlobalSection(ProjectConfigurationPlatforms) = postSolution
		{C10CC162-DA28-46D1-8F7D-293FCAD1B5AD}.Debug|x86.ActiveCfg = Debug|x86
		{C10CC162-DA28-46D1-8F7D-293FCAD1B5AD}.Debug|x86.Build.0 = Debug|x86
		{C10CC162-DA28-46D1-8F7D-293FCAD1B5AD}.Release|x86.ActiveCfg = Release|x86
		{C10CC162-DA28-46D1-8F7D-293FCAD1B5AD}.Release|x86.Build.0 = Release|x86
	EndGlobalSection
EndGlobal
